
Microsoft Visual Studio Solution File, Format Version 12.00
# Visual Studio 15
VisualStudioVersion = 15.0.27428.2037
MinimumVisualStudioVersion = 10.0.40219.1
Project("{FAE04EC0-301F-11D3-BF4B-00C04F79EFBC}") = "TestAgain3", "TestAgain3\TestAgain3.csproj", "{8E9D3D66-B7E1-43A6-A84A-6A76FE71293B}"
EndProject
Global
	GlobalSection(SolutionConfigurationPlatforms) = preSolution
		Debug|Any CPU = Debug|Any CPU
		Release|Any CPU = Release|Any CPU
	EndGlobalSection
	GlobalSection(ProjectConfigurationPlatforms) = postSolution
		{8E9D3D66-B7E1-43A6-A84A-6A76FE71293B}.Debug|Any CPU.ActiveCfg = Debug|Any CPU
		{8E9D3D66-B7E1-43A6-A84A-6A76FE71293B}.Debug|Any CPU.Build.0 = Debug|Any CPU
		{8E9D3D66-B7E1-43A6-A84A-6A76FE71293B}.Release|Any CPU.ActiveCfg = Release|Any CPU
		{8E9D3D66-B7E1-43A6-A84A-6A76FE71293B}.Release|Any CPU.Build.0 = Release|Any CPU
	EndGlobalSection
	GlobalSection(SolutionProperties) = preSolution
		HideSolutionNode = FALSE
	EndGlobalSection
	GlobalSection(ExtensibilityGlobals) = postSolution
		SolutionGuid = {131AC694-364D-4205-96EB-AEE4B7A91272}
	EndGlobalSection
EndGlobal
